
Microsoft Visual Studio Solution File, Format Version 12.00
# Visual Studio Version 17
VisualStudioVersion = 17.8.34322.80
MinimumVisualStudioVersion = 10.0.40219.1
Project("{FAE04EC0-301F-11D3-BF4B-00C04F79EFBC}") = "Lib_Authentication_2FA", "Lib_Authentication_2FA\Lib_Authentication_2FA.csproj", "{BF433856-33F0-4B58-89A2-D7999A7E1887}"
EndProject
Project("{FAE04EC0-301F-11D3-BF4B-00C04F79EFBC}") = "Test", "Test\Test.csproj", "{80C1880D-62A9-4B46-BD83-D9158B739E9A}"
EndProject
Global
	GlobalSection(SolutionConfigurationPlatforms) = preSolution
		Debug|Any CPU = Debug|Any CPU
		Release|Any CPU = Release|Any CPU
	EndGlobalSection
	GlobalSection(ProjectConfigurationPlatforms) = postSolution
		{BF433856-33F0-4B58-89A2-D7999A7E1887}.Debug|Any CPU.ActiveCfg = Debug|Any CPU
		{BF433856-33F0-4B58-89A2-D7999A7E1887}.Debug|Any CPU.Build.0 = Debug|Any CPU
		{BF433856-33F0-4B58-89A2-D7999A7E1887}.Release|Any CPU.ActiveCfg = Release|Any CPU
		{BF433856-33F0-4B58-89A2-D7999A7E1887}.Release|Any CPU.Build.0 = Release|Any CPU
		{80C1880D-62A9-4B46-BD83-D9158B739E9A}.Debug|Any CPU.ActiveCfg = Debug|Any CPU
		{80C1880D-62A9-4B46-BD83-D9158B739E9A}.Debug|Any CPU.Build.0 = Debug|Any CPU
		{80C1880D-62A9-4B46-BD83-D9158B739E9A}.Release|Any CPU.ActiveCfg = Release|Any CPU
		{80C1880D-62A9-4B46-BD83-D9158B739E9A}.Release|Any CPU.Build.0 = Release|Any CPU
	EndGlobalSection
	GlobalSection(SolutionProperties) = preSolution
		HideSolutionNode = FALSE
	EndGlobalSection
	GlobalSection(ExtensibilityGlobals) = postSolution
		SolutionGuid = {17E6B76B-E5E7-4889-A228-EF8F43C876A7}
	EndGlobalSection
EndGlobal
